
Microsoft Visual Studio Solution File, Format Version 12.00
# Visual Studio Version 17
VisualStudioVersion = 17.9.34701.34
MinimumVisualStudioVersion = 10.0.40219.1
Project("{FAE04EC0-301F-11D3-BF4B-00C04F79EFBC}") = "Chevaleresk", "Chevaleresk\Chevaleresk.csproj", "{1BE38896-F887-49CC-B7EB-B1538F206B25}"
EndProject
Global
	GlobalSection(SolutionConfigurationPlatforms) = preSolution
		Debug|Any CPU = Debug|Any CPU
		Release|Any CPU = Release|Any CPU
	EndGlobalSection
	GlobalSection(ProjectConfigurationPlatforms) = postSolution
		{1BE38896-F887-49CC-B7EB-B1538F206B25}.Debug|Any CPU.ActiveCfg = Debug|Any CPU
		{1BE38896-F887-49CC-B7EB-B1538F206B25}.Debug|Any CPU.Build.0 = Debug|Any CPU
		{1BE38896-F887-49CC-B7EB-B1538F206B25}.Release|Any CPU.ActiveCfg = Release|Any CPU
		{1BE38896-F887-49CC-B7EB-B1538F206B25}.Release|Any CPU.Build.0 = Release|Any CPU
	EndGlobalSection
	GlobalSection(SolutionProperties) = preSolution
		HideSolutionNode = FALSE
	EndGlobalSection
	GlobalSection(ExtensibilityGlobals) = postSolution
		SolutionGuid = {2A4B3BFF-4E7C-48B7-92E8-A37FB8A68C49}
	EndGlobalSection
EndGlobal
